{
  "name": "RoddyCafe",
  "lockfileVersion": 2,
  "requires": true,
  "packages": {
    "": {
      "dependencies": {
        "@wangeditor/editor": "^5.0.0"
      }
    },
    "node_modules/@babel/runtime": {
      "version": "7.17.9",
      "resolved": "https://registry.npmjs.org/@babel/runtime/-/runtime-7.17.9.tgz",
      "integrity": "sha512-lSiBBvodq29uShpWGNbgFdKYNiFDo5/HIYsaCEY9ff4sb10x9jizo2+pRrSyF4jKZCXqgzuqBOQKbUm90gQwJg==",
      "dependencies": {
        "regenerator-runtime": "^0.13.4"
      },
      "engines": {
        "node": ">=6.9.0"
      }
    },
    "node_modules/@transloadit/prettier-bytes": {
      "version": "0.0.7",
      "resolved": "https://registry.npmjs.org/@transloadit/prettier-bytes/-/prettier-bytes-0.0.7.tgz",
      "integrity": "sha512-VeJbUb0wEKbcwaSlj5n+LscBl9IPgLPkHVGBkh00cztv6X4L/TJXK58LzFuBKX7/GAfiGhIwH67YTLTlzvIzBA=="
    },
    "node_modules/@types/event-emitter": {
      "version": "0.3.3",
      "resolved": "https://registry.npmjs.org/@types/event-emitter/-/event-emitter-0.3.3.tgz",
      "integrity": "sha512-UfnOK1pIxO7P+EgPRZXD9jMpimd8QEFcEZ5R67R1UhGbv4zghU5+NE7U8M8G9H5Jc8FI51rqDWQs6FtUfq2e/Q=="
    },
    "node_modules/@uppy/companion-client": {
      "version": "2.0.6",
      "resolved": "https://registry.npmjs.org/@uppy/companion-client/-/companion-client-2.0.6.tgz",
      "integrity": "sha512-a2tsKhNPekW52CYUjBa7oVcK+aPm/Rd9FY/4wMbkjSsyj0BVjNdkR7jSEXfddUyKf+H5qLqNFXEHfGp/p9FOEA==",
      "dependencies": {
        "@uppy/utils": "^4.0.6",
        "namespace-emitter": "^2.0.1"
      }
    },
    "node_modules/@uppy/core": {
      "version": "2.1.8",
      "resolved": "https://registry.npmjs.org/@uppy/core/-/core-2.1.8.tgz",
      "integrity": "sha512-VeViHpdFjXJxGlu9g9Byil6O5F5nbUcTBeulMR0KUwlARTB/+GKDngfTRfzI3Hh4FOXN6dTm7Szsd/UDa65zDw==",
      "dependencies": {
        "@transloadit/prettier-bytes": "0.0.7",
        "@uppy/store-default": "^2.0.3",
        "@uppy/utils": "^4.0.6",
        "lodash.throttle": "^4.1.1",
        "mime-match": "^1.0.2",
        "namespace-emitter": "^2.0.1",
        "nanoid": "^3.1.25",
        "preact": "^10.5.13"
      }
    },
    "node_modules/@uppy/store-default": {
      "version": "2.0.3",
      "resolved": "https://registry.npmjs.org/@uppy/store-default/-/store-default-2.0.3.tgz",
      "integrity": "sha512-2BGlN1sW0cFv4rOqTK8dfSg579S984N1HxCJxLFqeW9nWD6zd/O8Omyd85tbxGQ+FLZLTmLOm/feD0YeCBMahg=="
    },
    "node_modules/@uppy/utils": {
      "version": "4.0.6",
      "resolved": "https://registry.npmjs.org/@uppy/utils/-/utils-4.0.6.tgz",
      "integrity": "sha512-40wXzjpE6Xu6eohZtoZzUxqjzYJhHcXSgtNIfT7uFeVIapPqdgMNjdSmvQqSc+UE2YF+pEL+Ys6np1zf9WmZ0Q==",
      "dependencies": {
        "lodash.throttle": "^4.1.1"
      }
    },
    "node_modules/@uppy/xhr-upload": {
      "version": "2.0.7",
      "resolved": "https://registry.npmjs.org/@uppy/xhr-upload/-/xhr-upload-2.0.7.tgz",
      "integrity": "sha512-bzCc654B0HfNmL4BIr7gGTvg2pQBucYgPmAb4ST7jGyWlEJWbSxMXR/19zvISQzpJ6v1uP6q2ppgxGMqNdj/rA==",
      "dependencies": {
        "@uppy/companion-client": "^2.0.4",
        "@uppy/utils": "^4.0.4",
        "nanoid": "^3.1.25"
      },
      "peerDependencies": {
        "@uppy/core": "^2.1.4"
      }
    },
    "node_modules/@wangeditor/basic-modules": {
      "version": "0.11.14",
      "resolved": "https://registry.npmjs.org/@wangeditor/basic-modules/-/basic-modules-0.11.14.tgz",
      "integrity": "sha512-fM0munkovkx38iQWQqQf1k9ID40NXCcxXdpvVCtuz8wMZFPZrOfOO0AETfVxVgPAY/pT8JJJpHt1P1TTkqdeQA==",
      "peer": true,
      "dependencies": {
        "is-url": "^1.2.4"
      },
      "peerDependencies": {
        "@wangeditor/core": "0.x",
        "dom7": "^3.0.0",
        "lodash.throttle": "^4.1.1",
        "nanoid": "^3.2.0",
        "slate": "^0.72.0",
        "snabbdom": "^3.1.0"
      }
    },
    "node_modules/@wangeditor/core": {
      "version": "0.14.19",
      "resolved": "https://registry.npmjs.org/@wangeditor/core/-/core-0.14.19.tgz",
      "integrity": "sha512-WQnG2A7cRSc88xn+7/F2cxqIZm5j8HZWmyfPojpqeh+6oM++YxoBHxo07suRNBI2Mm9WtHg7oSpbBoAPORfEcg==",
      "peer": true,
      "dependencies": {
        "@types/event-emitter": "^0.3.3",
        "event-emitter": "^0.3.5",
        "html-void-elements": "^2.0.0",
        "i18next": "^20.4.0",
        "scroll-into-view-if-needed": "^2.2.28",
        "slate-history": "^0.66.0"
      },
      "peerDependencies": {
        "@uppy/core": "^2.1.1",
        "@uppy/xhr-upload": "^2.0.3",
        "dom7": "^3.0.0",
        "is-hotkey": "^0.2.0",
        "lodash.camelcase": "^4.3.0",
        "lodash.clonedeep": "^4.5.0",
        "lodash.debounce": "^4.0.8",
        "lodash.foreach": "^4.5.0",
        "lodash.isequal": "^4.5.0",
        "lodash.throttle": "^4.1.1",
        "lodash.toarray": "^4.4.0",
        "nanoid": "^3.2.0",
        "slate": "^0.72.0",
        "snabbdom": "^3.1.0"
      }
    },
    "node_modules/@wangeditor/editor": {
      "version": "5.0.0",
      "resolved": "https://registry.npmjs.org/@wangeditor/editor/-/editor-5.0.0.tgz",
      "integrity": "sha512-yOoGafe8lH3oXGDuWs7niZPTCPQNuqqcWA7638cusI41FTRO+0G638HWLq3gpKpnp+kTzxzXxNlC4ok0sK71pw==",
      "dependencies": {
        "@uppy/core": "^2.1.1",
        "@uppy/xhr-upload": "^2.0.3",
        "@wangeditor/basic-modules": "^1.0.0",
        "@wangeditor/code-highlight": "^1.0.0",
        "@wangeditor/core": "^1.0.0",
        "@wangeditor/list-module": "^1.0.0",
        "@wangeditor/table-module": "^1.0.0",
        "@wangeditor/upload-image-module": "^1.0.0",
        "@wangeditor/video-module": "^1.0.0",
        "dom7": "^3.0.0",
        "is-hotkey": "^0.2.0",
        "lodash.camelcase": "^4.3.0",
        "lodash.clonedeep": "^4.5.0",
        "lodash.debounce": "^4.0.8",
        "lodash.foreach": "^4.5.0",
        "lodash.isequal": "^4.5.0",
        "lodash.throttle": "^4.1.1",
        "lodash.toarray": "^4.4.0",
        "nanoid": "^3.2.0",
        "slate": "^0.72.0",
        "snabbdom": "^3.1.0"
      }
    },
    "node_modules/@wangeditor/editor/node_modules/@wangeditor/basic-modules": {
      "version": "1.0.0",
      "resolved": "https://registry.npmjs.org/@wangeditor/basic-modules/-/basic-modules-1.0.0.tgz",
      "integrity": "sha512-s+xkK6UbQg7ALzd6IxpnYdxMOZMOj6v4lPYYF0xVE5yjGsoZ1Ez/meTSH7MErE4lH/8ZAt2opfEe5B4jhgVBvg==",
      "dependencies": {
        "is-url": "^1.2.4"
      },
      "peerDependencies": {
        "@wangeditor/core": "1.x",
        "dom7": "^3.0.0",
        "lodash.throttle": "^4.1.1",
        "nanoid": "^3.2.0",
        "slate": "^0.72.0",
        "snabbdom": "^3.1.0"
      }
    },
    "node_modules/@wangeditor/editor/node_modules/@wangeditor/code-highlight": {
      "version": "1.0.0",
      "resolved": "https://registry.npmjs.org/@wangeditor/code-highlight/-/code-highlight-1.0.0.tgz",
      "integrity": "sha512-1l97wm9K2GKcENDNrHgPa+9qPkXtvcyxHnMvmIxxLe8VoPcc8URQDf7FO2ZQYkGqsZiL6NdYgVT79gRh9vLsUQ==",
      "dependencies": {
        "prismjs": "^1.23.0"
      },
      "peerDependencies": {
        "@wangeditor/core": "1.x",
        "dom7": "^3.0.0",
        "slate": "^0.72.0",
        "snabbdom": "^3.1.0"
      }
    },
    "node_modules/@wangeditor/editor/node_modules/@wangeditor/core": {
      "version": "1.0.0",
      "resolved": "https://registry.npmjs.org/@wangeditor/core/-/core-1.0.0.tgz",
      "integrity": "sha512-rHtDLEWbfyGjK8oQPfk+O0OckhsDc4nDulaci9hSR69+KqcIQAc6s7qkoUEuMuGax+Q3Csg8yDCGogWDQ7OPQA==",
      "dependencies": {
        "@types/event-emitter": "^0.3.3",
        "event-emitter": "^0.3.5",
        "html-void-elements": "^2.0.0",
        "i18next": "^20.4.0",
        "scroll-into-view-if-needed": "^2.2.28",
        "slate-history": "^0.66.0"
      },
      "peerDependencies": {
        "@uppy/core": "^2.1.1",
        "@uppy/xhr-upload": "^2.0.3",
        "dom7": "^3.0.0",
        "is-hotkey": "^0.2.0",
        "lodash.camelcase": "^4.3.0",
        "lodash.clonedeep": "^4.5.0",
        "lodash.debounce": "^4.0.8",
        "lodash.foreach": "^4.5.0",
        "lodash.isequal": "^4.5.0",
        "lodash.throttle": "^4.1.1",
        "lodash.toarray": "^4.4.0",
        "nanoid": "^3.2.0",
        "slate": "^0.72.0",
        "snabbdom": "^3.1.0"
      }
    },
    "node_modules/@wangeditor/list-module": {
      "version": "1.0.0",
      "resolved": "https://registry.npmjs.org/@wangeditor/list-module/-/list-module-1.0.0.tgz",
      "integrity": "sha512-kRh8qqmebqCBJAiINFJnfQP6hA0wBqKOVWcSaQgUiDRC2PRf91HQrCjdza8xeaNzB+/qAPLbz/lmp+ru/1v1Yg==",
      "peerDependencies": {
        "@wangeditor/core": "0.x",
        "dom7": "^3.0.0",
        "slate": "^0.72.0",
        "snabbdom": "^3.1.0"
      }
    },
    "node_modules/@wangeditor/table-module": {
      "version": "1.0.0",
      "resolved": "https://registry.npmjs.org/@wangeditor/table-module/-/table-module-1.0.0.tgz",
      "integrity": "sha512-+DDRjKgBJn24oczx6skEjP5ApggThzTxG8I9tbGmEF3wPQFmidiW+OEiMON57bqMMmQ51qMVeYl1vL4BcYm3ew==",
      "peerDependencies": {
        "@wangeditor/core": "0.x",
        "dom7": "^3.0.0",
        "lodash.isequal": "^4.5.0",
        "nanoid": "^3.2.0",
        "slate": "^0.72.0",
        "snabbdom": "^3.1.0"
      }
    },
    "node_modules/@wangeditor/upload-image-module": {
      "version": "1.0.0",
      "resolved": "https://registry.npmjs.org/@wangeditor/upload-image-module/-/upload-image-module-1.0.0.tgz",
      "integrity": "sha512-WaxtlgxfEP7/+Qo4JA0wOtEBn4uqNRDoWPshbzB25J0KeMaHpst9DvpqCjMxYBzjYjtJoEhYeyazvrT/vnzzzA==",
      "peerDependencies": {
        "@uppy/core": "^2.0.3",
        "@uppy/xhr-upload": "^2.0.3",
        "@wangeditor/basic-modules": "0.x",
        "@wangeditor/core": "0.x",
        "dom7": "^3.0.0",
        "lodash.foreach": "^4.5.0",
        "slate": "^0.72.0",
        "snabbdom": "^3.1.0"
      }
    },
    "node_modules/@wangeditor/video-module": {
      "version": "1.0.0",
      "resolved": "https://registry.npmjs.org/@wangeditor/video-module/-/video-module-1.0.0.tgz",
      "integrity": "sha512-TBN+aUWVFR4Og1+usqLsVZQ/SbFVy238SnZcJ6fanhm1VAFbi8CMU40OO9iXmFcVNe0yh+8EPvNuULNgb0f5xA==",
      "peerDependencies": {
        "@uppy/core": "^2.1.4",
        "@uppy/xhr-upload": "^2.0.7",
        "@wangeditor/core": "0.x",
        "dom7": "^3.0.0",
        "nanoid": "^3.2.0",
        "slate": "^0.72.0",
        "snabbdom": "^3.1.0"
      }
    },
    "node_modules/compute-scroll-into-view": {
      "version": "1.0.17",
      "resolved": "https://registry.npmjs.org/compute-scroll-into-view/-/compute-scroll-into-view-1.0.17.tgz",
      "integrity": "sha512-j4dx+Fb0URmzbwwMUrhqWM2BEWHdFGx+qZ9qqASHRPqvTYdqvWnHg0H1hIbcyLnvgnoNAVMlwkepyqM3DaIFUg=="
    },
    "node_modules/d": {
      "version": "1.0.1",
      "resolved": "https://registry.npmjs.org/d/-/d-1.0.1.tgz",
      "integrity": "sha512-m62ShEObQ39CfralilEQRjH6oAMtNCV1xJyEx5LpRYUVN+EviphDgUc/F3hnYbADmkiNs67Y+3ylmlG7Lnu+FA==",
      "dependencies": {
        "es5-ext": "^0.10.50",
        "type": "^1.0.1"
      }
    },
    "node_modules/dom7": {
      "version": "3.0.0",
      "resolved": "https://registry.npmjs.org/dom7/-/dom7-3.0.0.tgz",
      "integrity": "sha512-oNlcUdHsC4zb7Msx7JN3K0Nro1dzJ48knvBOnDPKJ2GV9wl1i5vydJZUSyOfrkKFDZEud/jBsTk92S/VGSAe/g==",
      "dependencies": {
        "ssr-window": "^3.0.0-alpha.1"
      }
    },
    "node_modules/es5-ext": {
      "version": "0.10.60",
      "resolved": "https://registry.npmjs.org/es5-ext/-/es5-ext-0.10.60.tgz",
      "integrity": "sha512-jpKNXIt60htYG59/9FGf2PYT3pwMpnEbNKysU+k/4FGwyGtMotOvcZOuW+EmXXYASRqYSXQfGL5cVIthOTgbkg==",
      "hasInstallScript": true,
      "dependencies": {
        "es6-iterator": "^2.0.3",
        "es6-symbol": "^3.1.3",
        "next-tick": "^1.1.0"
      },
      "engines": {
        "node": ">=0.10"
      }
    },
    "node_modules/es6-iterator": {
      "version": "2.0.3",
      "resolved": "https://registry.npmjs.org/es6-iterator/-/es6-iterator-2.0.3.tgz",
      "integrity": "sha1-p96IkUGgWpSwhUQDstCg+/qY87c=",
      "dependencies": {
        "d": "1",
        "es5-ext": "^0.10.35",
        "es6-symbol": "^3.1.1"
      }
    },
    "node_modules/es6-symbol": {
      "version": "3.1.3",
      "resolved": "https://registry.npmjs.org/es6-symbol/-/es6-symbol-3.1.3.tgz",
      "integrity": "sha512-NJ6Yn3FuDinBaBRWl/q5X/s4koRHBrgKAu+yGI6JCBeiu3qrcbJhwT2GeR/EXVfylRk8dpQVJoLEFhK+Mu31NA==",
      "dependencies": {
        "d": "^1.0.1",
        "ext": "^1.1.2"
      }
    },
    "node_modules/event-emitter": {
      "version": "0.3.5",
      "resolved": "https://registry.npmjs.org/event-emitter/-/event-emitter-0.3.5.tgz",
      "integrity": "sha1-34xp7vFkeSPHFXuc6DhAYQsCzDk=",
      "dependencies": {
        "d": "1",
        "es5-ext": "~0.10.14"
      }
    },
    "node_modules/ext": {
      "version": "1.6.0",
      "resolved": "https://registry.npmjs.org/ext/-/ext-1.6.0.tgz",
      "integrity": "sha512-sdBImtzkq2HpkdRLtlLWDa6w4DX22ijZLKx8BMPUuKe1c5lbN6xwQDQCxSfxBQnHZ13ls/FH0MQZx/q/gr6FQg==",
      "dependencies": {
        "type": "^2.5.0"
      }
    },
    "node_modules/ext/node_modules/type": {
      "version": "2.6.0",
      "resolved": "https://registry.npmjs.org/type/-/type-2.6.0.tgz",
      "integrity": "sha512-eiDBDOmkih5pMbo9OqsqPRGMljLodLcwd5XD5JbtNB0o89xZAwynY9EdCDsJU7LtcVCClu9DvM7/0Ep1hYX3EQ=="
    },
    "node_modules/html-void-elements": {
      "version": "2.0.1",
      "resolved": "https://registry.npmjs.org/html-void-elements/-/html-void-elements-2.0.1.tgz",
      "integrity": "sha512-0quDb7s97CfemeJAnW9wC0hw78MtW7NU3hqtCD75g2vFlDLt36llsYD7uB7SUzojLMP24N5IatXf7ylGXiGG9A==",
      "funding": {
        "type": "github",
        "url": "https://github.com/sponsors/wooorm"
      }
    },
    "node_modules/i18next": {
      "version": "20.6.1",
      "resolved": "https://registry.npmjs.org/i18next/-/i18next-20.6.1.tgz",
      "integrity": "sha512-yCMYTMEJ9ihCwEQQ3phLo7I/Pwycf8uAx+sRHwwk5U9Aui/IZYgQRyMqXafQOw5QQ7DM1Z+WyEXWIqSuJHhG2A==",
      "dependencies": {
        "@babel/runtime": "^7.12.0"
      }
    },
    "node_modules/immer": {
      "version": "9.0.12",
      "resolved": "https://registry.npmjs.org/immer/-/immer-9.0.12.tgz",
      "integrity": "sha512-lk7UNmSbAukB5B6dh9fnh5D0bJTOFKxVg2cyJWTYrWRfhLrLMBquONcUs3aFq507hNoIZEDDh8lb8UtOizSMhA==",
      "funding": {
        "type": "opencollective",
        "url": "https://opencollective.com/immer"
      }
    },
    "node_modules/is-hotkey": {
      "version": "0.2.0",
      "resolved": "https://registry.npmjs.org/is-hotkey/-/is-hotkey-0.2.0.tgz",
      "integrity": "sha512-UknnZK4RakDmTgz4PI1wIph5yxSs/mvChWs9ifnlXsKuXgWmOkY/hAE0H/k2MIqH0RlRye0i1oC07MCRSD28Mw=="
    },
    "node_modules/is-plain-object": {
      "version": "5.0.0",
      "resolved": "https://registry.npmjs.org/is-plain-object/-/is-plain-object-5.0.0.tgz",
      "integrity": "sha512-VRSzKkbMm5jMDoKLbltAkFQ5Qr7VDiTFGXxYFXXowVj387GeGNOCsOH6Msy00SGZ3Fp84b1Naa1psqgcCIEP5Q==",
      "engines": {
        "node": ">=0.10.0"
      }
    },
    "node_modules/is-url": {
      "version": "1.2.4",
      "resolved": "https://registry.npmjs.org/is-url/-/is-url-1.2.4.tgz",
      "integrity": "sha512-ITvGim8FhRiYe4IQ5uHSkj7pVaPDrCTkNd3yq3cV7iZAcJdHTUMPMEHcqSOy9xZ9qFenQCvi+2wjH9a1nXqHww=="
    },
    "node_modules/lodash.camelcase": {
      "version": "4.3.0",
      "resolved": "https://registry.npmjs.org/lodash.camelcase/-/lodash.camelcase-4.3.0.tgz",
      "integrity": "sha1-soqmKIorn8ZRA1x3EfZathkDMaY="
    },
    "node_modules/lodash.clonedeep": {
      "version": "4.5.0",
      "resolved": "https://registry.npmjs.org/lodash.clonedeep/-/lodash.clonedeep-4.5.0.tgz",
      "integrity": "sha1-4j8/nE+Pvd6HJSnBBxhXoIblzO8="
    },
    "node_modules/lodash.debounce": {
      "version": "4.0.8",
      "resolved": "https://registry.npmjs.org/lodash.debounce/-/lodash.debounce-4.0.8.tgz",
      "integrity": "sha1-gteb/zCmfEAF/9XiUVMArZyk168="
    },
    "node_modules/lodash.foreach": {
      "version": "4.5.0",
      "resolved": "https://registry.npmjs.org/lodash.foreach/-/lodash.foreach-4.5.0.tgz",
      "integrity": "sha1-Gmo16s5AEoDH8G3d7DUWWrJ+PlM="
    },
    "node_modules/lodash.isequal": {
      "version": "4.5.0",
      "resolved": "https://registry.npmjs.org/lodash.isequal/-/lodash.isequal-4.5.0.tgz",
      "integrity": "sha1-QVxEePK8wwEgwizhDtMib30+GOA="
    },
    "node_modules/lodash.throttle": {
      "version": "4.1.1",
      "resolved": "https://registry.npmjs.org/lodash.throttle/-/lodash.throttle-4.1.1.tgz",
      "integrity": "sha1-wj6RtxAkKscMN/HhzaknTMOb8vQ="
    },
    "node_modules/lodash.toarray": {
      "version": "4.4.0",
      "resolved": "https://registry.npmjs.org/lodash.toarray/-/lodash.toarray-4.4.0.tgz",
      "integrity": "sha1-JMS/zWsvuji/0FlNsRedjptlZWE="
    },
    "node_modules/mime-match": {
      "version": "1.0.2",
      "resolved": "https://registry.npmjs.org/mime-match/-/mime-match-1.0.2.tgz",
      "integrity": "sha1-P4fDHprxpf1IX7nbE0Qosju7e6g=",
      "dependencies": {
        "wildcard": "^1.1.0"
      }
    },
    "node_modules/namespace-emitter": {
      "version": "2.0.1",
      "resolved": "https://registry.npmjs.org/namespace-emitter/-/namespace-emitter-2.0.1.tgz",
      "integrity": "sha512-N/sMKHniSDJBjfrkbS/tpkPj4RAbvW3mr8UAzvlMHyun93XEm83IAvhWtJVHo+RHn/oO8Job5YN4b+wRjSVp5g=="
    },
    "node_modules/nanoid": {
      "version": "3.3.2",
      "resolved": "https://registry.npmjs.org/nanoid/-/nanoid-3.3.2.tgz",
      "integrity": "sha512-CuHBogktKwpm5g2sRgv83jEy2ijFzBwMoYA60orPDR7ynsLijJDqgsi4RDGj3OJpy3Ieb+LYwiRmIOGyytgITA==",
      "bin": {
        "nanoid": "bin/nanoid.cjs"
      },
      "engines": {
        "node": "^10 || ^12 || ^13.7 || ^14 || >=15.0.1"
      }
    },
    "node_modules/next-tick": {
      "version": "1.1.0",
      "resolved": "https://registry.npmjs.org/next-tick/-/next-tick-1.1.0.tgz",
      "integrity": "sha512-CXdUiJembsNjuToQvxayPZF9Vqht7hewsvy2sOWafLvi2awflj9mOC6bHIg50orX8IJvWKY9wYQ/zB2kogPslQ=="
    },
    "node_modules/preact": {
      "version": "10.7.1",
      "resolved": "https://registry.npmjs.org/preact/-/preact-10.7.1.tgz",
      "integrity": "sha512-MufnRFz39aIhs9AMFisonjzTud1PK1bY+jcJLo6m2T9Uh8AqjD77w11eAAawmjUogoGOnipECq7e/1RClIKsxg==",
      "funding": {
        "type": "opencollective",
        "url": "https://opencollective.com/preact"
      }
    },
    "node_modules/prismjs": {
      "version": "1.27.0",
      "resolved": "https://registry.npmjs.org/prismjs/-/prismjs-1.27.0.tgz",
      "integrity": "sha512-t13BGPUlFDR7wRB5kQDG4jjl7XeuH6jbJGt11JHPL96qwsEHNX2+68tFXqc1/k+/jALsbSWJKUOT/hcYAZ5LkA==",
      "engines": {
        "node": ">=6"
      }
    },
    "node_modules/regenerator-runtime": {
      "version": "0.13.9",
      "resolved": "https://registry.npmjs.org/regenerator-runtime/-/regenerator-runtime-0.13.9.tgz",
      "integrity": "sha512-p3VT+cOEgxFsRRA9X4lkI1E+k2/CtnKtU4gcxyaCUreilL/vqI6CdZ3wxVUx3UOUg+gnUOQQcRI7BmSI656MYA=="
    },
    "node_modules/scroll-into-view-if-needed": {
      "version": "2.2.29",
      "resolved": "https://registry.npmjs.org/scroll-into-view-if-needed/-/scroll-into-view-if-needed-2.2.29.tgz",
      "integrity": "sha512-hxpAR6AN+Gh53AdAimHM6C8oTN1ppwVZITihix+WqalywBeFcQ6LdQP5ABNl26nX8GTEL7VT+b8lKpdqq65wXg==",
      "dependencies": {
        "compute-scroll-into-view": "^1.0.17"
      }
    },
    "node_modules/slate": {
      "version": "0.72.8",
      "resolved": "https://registry.npmjs.org/slate/-/slate-0.72.8.tgz",
      "integrity": "sha512-/nJwTswQgnRurpK+bGJFH1oM7naD5qDmHd89JyiKNT2oOKD8marW0QSBtuFnwEbL5aGCS8AmrhXQgNOsn4osAw==",
      "dependencies": {
        "immer": "^9.0.6",
        "is-plain-object": "^5.0.0",
        "tiny-warning": "^1.0.3"
      }
    },
    "node_modules/slate-history": {
      "version": "0.66.0",
      "resolved": "https://registry.npmjs.org/slate-history/-/slate-history-0.66.0.tgz",
      "integrity": "sha512-6MWpxGQZiMvSINlCbMW43E2YBSVMCMCIwQfBzGssjWw4kb0qfvj0pIdblWNRQZD0hR6WHP+dHHgGSeVdMWzfng==",
      "dependencies": {
        "is-plain-object": "^5.0.0"
      },
      "peerDependencies": {
        "slate": ">=0.65.3"
      }
    },
    "node_modules/snabbdom": {
      "version": "3.4.0",
      "resolved": "https://registry.npmjs.org/snabbdom/-/snabbdom-3.4.0.tgz",
      "integrity": "sha512-Sr5H1l5QxJa0B/68ZtpWi7MuGIzLWS2Up64QqXe/wzvWOjXvM9rL7+C8GhMmDVtJ7dFWypvyWJHR3nmeZN8YIQ==",
      "engines": {
        "node": ">=8.3.0"
      }
    },
    "node_modules/ssr-window": {
      "version": "3.0.0",
      "resolved": "https://registry.npmjs.org/ssr-window/-/ssr-window-3.0.0.tgz",
      "integrity": "sha512-q+8UfWDg9Itrg0yWK7oe5p/XRCJpJF9OBtXfOPgSJl+u3Xd5KI328RUEvUqSMVM9CiQUEf1QdBzJMkYGErj9QA=="
    },
    "node_modules/tiny-warning": {
      "version": "1.0.3",
      "resolved": "https://registry.npmjs.org/tiny-warning/-/tiny-warning-1.0.3.tgz",
      "integrity": "sha512-lBN9zLN/oAf68o3zNXYrdCt1kP8WsiGW8Oo2ka41b2IM5JL/S1CTyX1rW0mb/zSuJun0ZUrDxx4sqvYS2FWzPA=="
    },
    "node_modules/type": {
      "version": "1.2.0",
      "resolved": "https://registry.npmjs.org/type/-/type-1.2.0.tgz",
      "integrity": "sha512-+5nt5AAniqsCnu2cEQQdpzCAh33kVx8n0VoFidKpB1dVVLAN/F+bgVOqOJqOnEnrhp222clB5p3vUlD+1QAnfg=="
    },
    "node_modules/wildcard": {
      "version": "1.1.2",
      "resolved": "https://registry.npmjs.org/wildcard/-/wildcard-1.1.2.tgz",
      "integrity": "sha1-pwIEUwhNjNLv5wup02liY94XEKU="
    }
  },
  "dependencies": {
    "@babel/runtime": {
      "version": "7.17.9",
      "resolved": "https://registry.npmjs.org/@babel/runtime/-/runtime-7.17.9.tgz",
      "integrity": "sha512-lSiBBvodq29uShpWGNbgFdKYNiFDo5/HIYsaCEY9ff4sb10x9jizo2+pRrSyF4jKZCXqgzuqBOQKbUm90gQwJg==",
      "requires": {
        "regenerator-runtime": "^0.13.4"
      }
    },
    "@transloadit/prettier-bytes": {
      "version": "0.0.7",
      "resolved": "https://registry.npmjs.org/@transloadit/prettier-bytes/-/prettier-bytes-0.0.7.tgz",
      "integrity": "sha512-VeJbUb0wEKbcwaSlj5n+LscBl9IPgLPkHVGBkh00cztv6X4L/TJXK58LzFuBKX7/GAfiGhIwH67YTLTlzvIzBA=="
    },
    "@types/event-emitter": {
      "version": "0.3.3",
      "resolved": "https://registry.npmjs.org/@types/event-emitter/-/event-emitter-0.3.3.tgz",
      "integrity": "sha512-UfnOK1pIxO7P+EgPRZXD9jMpimd8QEFcEZ5R67R1UhGbv4zghU5+NE7U8M8G9H5Jc8FI51rqDWQs6FtUfq2e/Q=="
    },
    "@uppy/companion-client": {
      "version": "2.0.6",
      "resolved": "https://registry.npmjs.org/@uppy/companion-client/-/companion-client-2.0.6.tgz",
      "integrity": "sha512-a2tsKhNPekW52CYUjBa7oVcK+aPm/Rd9FY/4wMbkjSsyj0BVjNdkR7jSEXfddUyKf+H5qLqNFXEHfGp/p9FOEA==",
      "requires": {
        "@uppy/utils": "^4.0.6",
        "namespace-emitter": "^2.0.1"
      }
    },
    "@uppy/core": {
      "version": "2.1.8",
      "resolved": "https://registry.npmjs.org/@uppy/core/-/core-2.1.8.tgz",
      "integrity": "sha512-VeViHpdFjXJxGlu9g9Byil6O5F5nbUcTBeulMR0KUwlARTB/+GKDngfTRfzI3Hh4FOXN6dTm7Szsd/UDa65zDw==",
      "requires": {
        "@transloadit/prettier-bytes": "0.0.7",
        "@uppy/store-default": "^2.0.3",
        "@uppy/utils": "^4.0.6",
        "lodash.throttle": "^4.1.1",
        "mime-match": "^1.0.2",
        "namespace-emitter": "^2.0.1",
        "nanoid": "^3.1.25",
        "preact": "^10.5.13"
      }
    },
    "@uppy/store-default": {
      "version": "2.0.3",
      "resolved": "https://registry.npmjs.org/@uppy/store-default/-/store-default-2.0.3.tgz",
      "integrity": "sha512-2BGlN1sW0cFv4rOqTK8dfSg579S984N1HxCJxLFqeW9nWD6zd/O8Omyd85tbxGQ+FLZLTmLOm/feD0YeCBMahg=="
    },
    "@uppy/utils": {
      "version": "4.0.6",
      "resolved": "https://registry.npmjs.org/@uppy/utils/-/utils-4.0.6.tgz",
      "integrity": "sha512-40wXzjpE6Xu6eohZtoZzUxqjzYJhHcXSgtNIfT7uFeVIapPqdgMNjdSmvQqSc+UE2YF+pEL+Ys6np1zf9WmZ0Q==",
      "requires": {
        "lodash.throttle": "^4.1.1"
      }
    },
    "@uppy/xhr-upload": {
      "version": "2.0.7",
      "resolved": "https://registry.npmjs.org/@uppy/xhr-upload/-/xhr-upload-2.0.7.tgz",
      "integrity": "sha512-bzCc654B0HfNmL4BIr7gGTvg2pQBucYgPmAb4ST7jGyWlEJWbSxMXR/19zvISQzpJ6v1uP6q2ppgxGMqNdj/rA==",
      "requires": {
        "@uppy/companion-client": "^2.0.4",
        "@uppy/utils": "^4.0.4",
        "nanoid": "^3.1.25"
      }
    },
    "@wangeditor/basic-modules": {
      "version": "0.11.14",
      "resolved": "https://registry.npmjs.org/@wangeditor/basic-modules/-/basic-modules-0.11.14.tgz",
      "integrity": "sha512-fM0munkovkx38iQWQqQf1k9ID40NXCcxXdpvVCtuz8wMZFPZrOfOO0AETfVxVgPAY/pT8JJJpHt1P1TTkqdeQA==",
      "peer": true,
      "requires": {
        "is-url": "^1.2.4"
      }
    },
    "@wangeditor/core": {
      "version": "0.14.19",
      "resolved": "https://registry.npmjs.org/@wangeditor/core/-/core-0.14.19.tgz",
      "integrity": "sha512-WQnG2A7cRSc88xn+7/F2cxqIZm5j8HZWmyfPojpqeh+6oM++YxoBHxo07suRNBI2Mm9WtHg7oSpbBoAPORfEcg==",
      "peer": true,
      "requires": {
        "@types/event-emitter": "^0.3.3",
        "event-emitter": "^0.3.5",
        "html-void-elements": "^2.0.0",
        "i18next": "^20.4.0",
        "scroll-into-view-if-needed": "^2.2.28",
        "slate-history": "^0.66.0"
      }
    },
    "@wangeditor/editor": {
      "version": "5.0.0",
      "resolved": "https://registry.npmjs.org/@wangeditor/editor/-/editor-5.0.0.tgz",
      "integrity": "sha512-yOoGafe8lH3oXGDuWs7niZPTCPQNuqqcWA7638cusI41FTRO+0G638HWLq3gpKpnp+kTzxzXxNlC4ok0sK71pw==",
      "requires": {
        "@uppy/core": "^2.1.1",
        "@uppy/xhr-upload": "^2.0.3",
        "@wangeditor/basic-modules": "^1.0.0",
        "@wangeditor/code-highlight": "^1.0.0",
        "@wangeditor/core": "^1.0.0",
        "@wangeditor/list-module": "^1.0.0",
        "@wangeditor/table-module": "^1.0.0",
        "@wangeditor/upload-image-module": "^1.0.0",
        "@wangeditor/video-module": "^1.0.0",
        "dom7": "^3.0.0",
        "is-hotkey": "^0.2.0",
        "lodash.camelcase": "^4.3.0",
        "lodash.clonedeep": "^4.5.0",
        "lodash.debounce": "^4.0.8",
        "lodash.foreach": "^4.5.0",
        "lodash.isequal": "^4.5.0",
        "lodash.throttle": "^4.1.1",
        "lodash.toarray": "^4.4.0",
        "nanoid": "^3.2.0",
        "slate": "^0.72.0",
        "snabbdom": "^3.1.0"
      },
      "dependencies": {
        "@wangeditor/basic-modules": {
          "version": "1.0.0",
          "resolved": "https://registry.npmjs.org/@wangeditor/basic-modules/-/basic-modules-1.0.0.tgz",
          "integrity": "sha512-s+xkK6UbQg7ALzd6IxpnYdxMOZMOj6v4lPYYF0xVE5yjGsoZ1Ez/meTSH7MErE4lH/8ZAt2opfEe5B4jhgVBvg==",
          "requires": {
            "is-url": "^1.2.4"
          }
        },
        "@wangeditor/code-highlight": {
          "version": "1.0.0",
          "resolved": "https://registry.npmjs.org/@wangeditor/code-highlight/-/code-highlight-1.0.0.tgz",
          "integrity": "sha512-1l97wm9K2GKcENDNrHgPa+9qPkXtvcyxHnMvmIxxLe8VoPcc8URQDf7FO2ZQYkGqsZiL6NdYgVT79gRh9vLsUQ==",
          "requires": {
            "prismjs": "^1.23.0"
          }
        },
        "@wangeditor/core": {
          "version": "1.0.0",
          "resolved": "https://registry.npmjs.org/@wangeditor/core/-/core-1.0.0.tgz",
          "integrity": "sha512-rHtDLEWbfyGjK8oQPfk+O0OckhsDc4nDulaci9hSR69+KqcIQAc6s7qkoUEuMuGax+Q3Csg8yDCGogWDQ7OPQA==",
          "requires": {
            "@types/event-emitter": "^0.3.3",
            "event-emitter": "^0.3.5",
            "html-void-elements": "^2.0.0",
            "i18next": "^20.4.0",
            "scroll-into-view-if-needed": "^2.2.28",
            "slate-history": "^0.66.0"
          }
        }
      }
    },
    "@wangeditor/list-module": {
      "version": "1.0.0",
      "resolved": "https://registry.npmjs.org/@wangeditor/list-module/-/list-module-1.0.0.tgz",
      "integrity": "sha512-kRh8qqmebqCBJAiINFJnfQP6hA0wBqKOVWcSaQgUiDRC2PRf91HQrCjdza8xeaNzB+/qAPLbz/lmp+ru/1v1Yg==",
      "requires": {}
    },
    "@wangeditor/table-module": {
      "version": "1.0.0",
      "resolved": "https://registry.npmjs.org/@wangeditor/table-module/-/table-module-1.0.0.tgz",
      "integrity": "sha512-+DDRjKgBJn24oczx6skEjP5ApggThzTxG8I9tbGmEF3wPQFmidiW+OEiMON57bqMMmQ51qMVeYl1vL4BcYm3ew==",
      "requires": {}
    },
    "@wangeditor/upload-image-module": {
      "version": "1.0.0",
      "resolved": "https://registry.npmjs.org/@wangeditor/upload-image-module/-/upload-image-module-1.0.0.tgz",
      "integrity": "sha512-WaxtlgxfEP7/+Qo4JA0wOtEBn4uqNRDoWPshbzB25J0KeMaHpst9DvpqCjMxYBzjYjtJoEhYeyazvrT/vnzzzA==",
      "requires": {}
    },
    "@wangeditor/video-module": {
      "version": "1.0.0",
      "resolved": "https://registry.npmjs.org/@wangeditor/video-module/-/video-module-1.0.0.tgz",
      "integrity": "sha512-TBN+aUWVFR4Og1+usqLsVZQ/SbFVy238SnZcJ6fanhm1VAFbi8CMU40OO9iXmFcVNe0yh+8EPvNuULNgb0f5xA==",
      "requires": {}
    },
    "compute-scroll-into-view": {
      "version": "1.0.17",
      "resolved": "https://registry.npmjs.org/compute-scroll-into-view/-/compute-scroll-into-view-1.0.17.tgz",
      "integrity": "sha512-j4dx+Fb0URmzbwwMUrhqWM2BEWHdFGx+qZ9qqASHRPqvTYdqvWnHg0H1hIbcyLnvgnoNAVMlwkepyqM3DaIFUg=="
    },
    "d": {
      "version": "1.0.1",
      "resolved": "https://registry.npmjs.org/d/-/d-1.0.1.tgz",
      "integrity": "sha512-m62ShEObQ39CfralilEQRjH6oAMtNCV1xJyEx5LpRYUVN+EviphDgUc/F3hnYbADmkiNs67Y+3ylmlG7Lnu+FA==",
      "requires": {
        "es5-ext": "^0.10.50",
        "type": "^1.0.1"
      }
    },
    "dom7": {
      "version": "3.0.0",
      "resolved": "https://registry.npmjs.org/dom7/-/dom7-3.0.0.tgz",
      "integrity": "sha512-oNlcUdHsC4zb7Msx7JN3K0Nro1dzJ48knvBOnDPKJ2GV9wl1i5vydJZUSyOfrkKFDZEud/jBsTk92S/VGSAe/g==",
      "requires": {
        "ssr-window": "^3.0.0-alpha.1"
      }
    },
    "es5-ext": {
      "version": "0.10.60",
      "resolved": "https://registry.npmjs.org/es5-ext/-/es5-ext-0.10.60.tgz",
      "integrity": "sha512-jpKNXIt60htYG59/9FGf2PYT3pwMpnEbNKysU+k/4FGwyGtMotOvcZOuW+EmXXYASRqYSXQfGL5cVIthOTgbkg==",
      "requires": {
        "es6-iterator": "^2.0.3",
        "es6-symbol": "^3.1.3",
        "next-tick": "^1.1.0"
      }
    },
    "es6-iterator": {
      "version": "2.0.3",
      "resolved": "https://registry.npmjs.org/es6-iterator/-/es6-iterator-2.0.3.tgz",
      "integrity": "sha1-p96IkUGgWpSwhUQDstCg+/qY87c=",
      "requires": {
        "d": "1",
        "es5-ext": "^0.10.35",
        "es6-symbol": "^3.1.1"
      }
    },
    "es6-symbol": {
      "version": "3.1.3",
      "resolved": "https://registry.npmjs.org/es6-symbol/-/es6-symbol-3.1.3.tgz",
      "integrity": "sha512-NJ6Yn3FuDinBaBRWl/q5X/s4koRHBrgKAu+yGI6JCBeiu3qrcbJhwT2GeR/EXVfylRk8dpQVJoLEFhK+Mu31NA==",
      "requires": {
        "d": "^1.0.1",
        "ext": "^1.1.2"
      }
    },
    "event-emitter": {
      "version": "0.3.5",
      "resolved": "https://registry.npmjs.org/event-emitter/-/event-emitter-0.3.5.tgz",
      "integrity": "sha1-34xp7vFkeSPHFXuc6DhAYQsCzDk=",
      "requires": {
        "d": "1",
        "es5-ext": "~0.10.14"
      }
    },
    "ext": {
      "version": "1.6.0",
      "resolved": "https://registry.npmjs.org/ext/-/ext-1.6.0.tgz",
      "integrity": "sha512-sdBImtzkq2HpkdRLtlLWDa6w4DX22ijZLKx8BMPUuKe1c5lbN6xwQDQCxSfxBQnHZ13ls/FH0MQZx/q/gr6FQg==",
      "requires": {
        "type": "^2.5.0"
      },
      "dependencies": {
        "type": {
          "version": "2.6.0",
          "resolved": "https://registry.npmjs.org/type/-/type-2.6.0.tgz",
          "integrity": "sha512-eiDBDOmkih5pMbo9OqsqPRGMljLodLcwd5XD5JbtNB0o89xZAwynY9EdCDsJU7LtcVCClu9DvM7/0Ep1hYX3EQ=="
        }
      }
    },
    "html-void-elements": {
      "version": "2.0.1",
      "resolved": "https://registry.npmjs.org/html-void-elements/-/html-void-elements-2.0.1.tgz",
      "integrity": "sha512-0quDb7s97CfemeJAnW9wC0hw78MtW7NU3hqtCD75g2vFlDLt36llsYD7uB7SUzojLMP24N5IatXf7ylGXiGG9A=="
    },
    "i18next": {
      "version": "20.6.1",
      "resolved": "https://registry.npmjs.org/i18next/-/i18next-20.6.1.tgz",
      "integrity": "sha512-yCMYTMEJ9ihCwEQQ3phLo7I/Pwycf8uAx+sRHwwk5U9Aui/IZYgQRyMqXafQOw5QQ7DM1Z+WyEXWIqSuJHhG2A==",
      "requires": {
        "@babel/runtime": "^7.12.0"
      }
    },
    "immer": {
      "version": "9.0.12",
      "resolved": "https://registry.npmjs.org/immer/-/immer-9.0.12.tgz",
      "integrity": "sha512-lk7UNmSbAukB5B6dh9fnh5D0bJTOFKxVg2cyJWTYrWRfhLrLMBquONcUs3aFq507hNoIZEDDh8lb8UtOizSMhA=="
    },
    "is-hotkey": {
      "version": "0.2.0",
      "resolved": "https://registry.npmjs.org/is-hotkey/-/is-hotkey-0.2.0.tgz",
      "integrity": "sha512-UknnZK4RakDmTgz4PI1wIph5yxSs/mvChWs9ifnlXsKuXgWmOkY/hAE0H/k2MIqH0RlRye0i1oC07MCRSD28Mw=="
    },
    "is-plain-object": {
      "version": "5.0.0",
      "resolved": "https://registry.npmjs.org/is-plain-object/-/is-plain-object-5.0.0.tgz",
      "integrity": "sha512-VRSzKkbMm5jMDoKLbltAkFQ5Qr7VDiTFGXxYFXXowVj387GeGNOCsOH6Msy00SGZ3Fp84b1Naa1psqgcCIEP5Q=="
    },
    "is-url": {
      "version": "1.2.4",
      "resolved": "https://registry.npmjs.org/is-url/-/is-url-1.2.4.tgz",
      "integrity": "sha512-ITvGim8FhRiYe4IQ5uHSkj7pVaPDrCTkNd3yq3cV7iZAcJdHTUMPMEHcqSOy9xZ9qFenQCvi+2wjH9a1nXqHww=="
    },
    "lodash.camelcase": {
      "version": "4.3.0",
      "resolved": "https://registry.npmjs.org/lodash.camelcase/-/lodash.camelcase-4.3.0.tgz",
      "integrity": "sha1-soqmKIorn8ZRA1x3EfZathkDMaY="
    },
    "lodash.clonedeep": {
      "version": "4.5.0",
      "resolved": "https://registry.npmjs.org/lodash.clonedeep/-/lodash.clonedeep-4.5.0.tgz",
      "integrity": "sha1-4j8/nE+Pvd6HJSnBBxhXoIblzO8="
    },
    "lodash.debounce": {
      "version": "4.0.8",
      "resolved": "https://registry.npmjs.org/lodash.debounce/-/lodash.debounce-4.0.8.tgz",
      "integrity": "sha1-gteb/zCmfEAF/9XiUVMArZyk168="
    },
    "lodash.foreach": {
      "version": "4.5.0",
      "resolved": "https://registry.npmjs.org/lodash.foreach/-/lodash.foreach-4.5.0.tgz",
      "integrity": "sha1-Gmo16s5AEoDH8G3d7DUWWrJ+PlM="
    },
    "lodash.isequal": {
      "version": "4.5.0",
      "resolved": "https://registry.npmjs.org/lodash.isequal/-/lodash.isequal-4.5.0.tgz",
      "integrity": "sha1-QVxEePK8wwEgwizhDtMib30+GOA="
    },
    "lodash.throttle": {
      "version": "4.1.1",
      "resolved": "https://registry.npmjs.org/lodash.throttle/-/lodash.throttle-4.1.1.tgz",
      "integrity": "sha1-wj6RtxAkKscMN/HhzaknTMOb8vQ="
    },
    "lodash.toarray": {
      "version": "4.4.0",
      "resolved": "https://registry.npmjs.org/lodash.toarray/-/lodash.toarray-4.4.0.tgz",
      "integrity": "sha1-JMS/zWsvuji/0FlNsRedjptlZWE="
    },
    "mime-match": {
      "version": "1.0.2",
      "resolved": "https://registry.npmjs.org/mime-match/-/mime-match-1.0.2.tgz",
      "integrity": "sha1-P4fDHprxpf1IX7nbE0Qosju7e6g=",
      "requires": {
        "wildcard": "^1.1.0"
      }
    },
    "namespace-emitter": {
      "version": "2.0.1",
      "resolved": "https://registry.npmjs.org/namespace-emitter/-/namespace-emitter-2.0.1.tgz",
      "integrity": "sha512-N/sMKHniSDJBjfrkbS/tpkPj4RAbvW3mr8UAzvlMHyun93XEm83IAvhWtJVHo+RHn/oO8Job5YN4b+wRjSVp5g=="
    },
    "nanoid": {
      "version": "3.3.2",
      "resolved": "https://registry.npmjs.org/nanoid/-/nanoid-3.3.2.tgz",
      "integrity": "sha512-CuHBogktKwpm5g2sRgv83jEy2ijFzBwMoYA60orPDR7ynsLijJDqgsi4RDGj3OJpy3Ieb+LYwiRmIOGyytgITA=="
    },
    "next-tick": {
      "version": "1.1.0",
      "resolved": "https://registry.npmjs.org/next-tick/-/next-tick-1.1.0.tgz",
      "integrity": "sha512-CXdUiJembsNjuToQvxayPZF9Vqht7hewsvy2sOWafLvi2awflj9mOC6bHIg50orX8IJvWKY9wYQ/zB2kogPslQ=="
    },
    "preact": {
      "version": "10.7.1",
      "resolved": "https://registry.npmjs.org/preact/-/preact-10.7.1.tgz",
      "integrity": "sha512-MufnRFz39aIhs9AMFisonjzTud1PK1bY+jcJLo6m2T9Uh8AqjD77w11eAAawmjUogoGOnipECq7e/1RClIKsxg=="
    },
    "prismjs": {
      "version": "1.27.0",
      "resolved": "https://registry.npmjs.org/prismjs/-/prismjs-1.27.0.tgz",
      "integrity": "sha512-t13BGPUlFDR7wRB5kQDG4jjl7XeuH6jbJGt11JHPL96qwsEHNX2+68tFXqc1/k+/jALsbSWJKUOT/hcYAZ5LkA=="
    },
    "regenerator-runtime": {
      "version": "0.13.9",
      "resolved": "https://registry.npmjs.org/regenerator-runtime/-/regenerator-runtime-0.13.9.tgz",
      "integrity": "sha512-p3VT+cOEgxFsRRA9X4lkI1E+k2/CtnKtU4gcxyaCUreilL/vqI6CdZ3wxVUx3UOUg+gnUOQQcRI7BmSI656MYA=="
    },
    "scroll-into-view-if-needed": {
      "version": "2.2.29",
      "resolved": "https://registry.npmjs.org/scroll-into-view-if-needed/-/scroll-into-view-if-needed-2.2.29.tgz",
      "integrity": "sha512-hxpAR6AN+Gh53AdAimHM6C8oTN1ppwVZITihix+WqalywBeFcQ6LdQP5ABNl26nX8GTEL7VT+b8lKpdqq65wXg==",
      "requires": {
        "compute-scroll-into-view": "^1.0.17"
      }
    },
    "slate": {
      "version": "0.72.8",
      "resolved": "https://registry.npmjs.org/slate/-/slate-0.72.8.tgz",
      "integrity": "sha512-/nJwTswQgnRurpK+bGJFH1oM7naD5qDmHd89JyiKNT2oOKD8marW0QSBtuFnwEbL5aGCS8AmrhXQgNOsn4osAw==",
      "requires": {
        "immer": "^9.0.6",
        "is-plain-object": "^5.0.0",
        "tiny-warning": "^1.0.3"
      }
    },
    "slate-history": {
      "version": "0.66.0",
      "resolved": "https://registry.npmjs.org/slate-history/-/slate-history-0.66.0.tgz",
      "integrity": "sha512-6MWpxGQZiMvSINlCbMW43E2YBSVMCMCIwQfBzGssjWw4kb0qfvj0pIdblWNRQZD0hR6WHP+dHHgGSeVdMWzfng==",
      "requires": {
        "is-plain-object": "^5.0.0"
      }
    },
    "snabbdom": {
      "version": "3.4.0",
      "resolved": "https://registry.npmjs.org/snabbdom/-/snabbdom-3.4.0.tgz",
      "integrity": "sha512-Sr5H1l5QxJa0B/68ZtpWi7MuGIzLWS2Up64QqXe/wzvWOjXvM9rL7+C8GhMmDVtJ7dFWypvyWJHR3nmeZN8YIQ=="
    },
    "ssr-window": {
      "version": "3.0.0",
      "resolved": "https://registry.npmjs.org/ssr-window/-/ssr-window-3.0.0.tgz",
      "integrity": "sha512-q+8UfWDg9Itrg0yWK7oe5p/XRCJpJF9OBtXfOPgSJl+u3Xd5KI328RUEvUqSMVM9CiQUEf1QdBzJMkYGErj9QA=="
    },
    "tiny-warning": {
      "version": "1.0.3",
      "resolved": "https://registry.npmjs.org/tiny-warning/-/tiny-warning-1.0.3.tgz",
      "integrity": "sha512-lBN9zLN/oAf68o3zNXYrdCt1kP8WsiGW8Oo2ka41b2IM5JL/S1CTyX1rW0mb/zSuJun0ZUrDxx4sqvYS2FWzPA=="
    },
    "type": {
      "version": "1.2.0",
      "resolved": "https://registry.npmjs.org/type/-/type-1.2.0.tgz",
      "integrity": "sha512-+5nt5AAniqsCnu2cEQQdpzCAh33kVx8n0VoFidKpB1dVVLAN/F+bgVOqOJqOnEnrhp222clB5p3vUlD+1QAnfg=="
    },
    "wildcard": {
      "version": "1.1.2",
      "resolved": "https://registry.npmjs.org/wildcard/-/wildcard-1.1.2.tgz",
      "integrity": "sha1-pwIEUwhNjNLv5wup02liY94XEKU="
    }
  }
}
